
Microsoft Visual Studio Solution File, Format Version 12.00
# Visual Studio Version 17
VisualStudioVersion = 17.3.32811.315
MinimumVisualStudioVersion = 10.0.40219.1
Project("{9A19103F-16F7-4668-BE54-9A1E7A4F7556}") = "Lab2.API", "Lab2.API\Lab2.API.csproj", "{7AADE0AC-0245-487C-9FAD-E1150390ED10}"
EndProject
Project("{9A19103F-16F7-4668-BE54-9A1E7A4F7556}") = "Lab2.Domain", "Lab2.Domain\Lab2.Domain.csproj", "{D9C077CE-4430-484D-A211-0F52C559D529}"
EndProject
Project("{9A19103F-16F7-4668-BE54-9A1E7A4F7556}") = "Lab2.Infrastructure", "Lab2.Infrastructure\Lab2.Infrastructure.csproj", "{C0B9D0EB-866E-4470-B673-CE98FF858D16}"
EndProject
Global
	GlobalSection(SolutionConfigurationPlatforms) = preSolution
		Debug|Any CPU = Debug|Any CPU
		Release|Any CPU = Release|Any CPU
	EndGlobalSection
	GlobalSection(ProjectConfigurationPlatforms) = postSolution
		{7AADE0AC-0245-487C-9FAD-E1150390ED10}.Debug|Any CPU.ActiveCfg = Debug|Any CPU
		{7AADE0AC-0245-487C-9FAD-E1150390ED10}.Debug|Any CPU.Build.0 = Debug|Any CPU
		{7AADE0AC-0245-487C-9FAD-E1150390ED10}.Release|Any CPU.ActiveCfg = Release|Any CPU
		{7AADE0AC-0245-487C-9FAD-E1150390ED10}.Release|Any CPU.Build.0 = Release|Any CPU
		{D9C077CE-4430-484D-A211-0F52C559D529}.Debug|Any CPU.ActiveCfg = Debug|Any CPU
		{D9C077CE-4430-484D-A211-0F52C559D529}.Debug|Any CPU.Build.0 = Debug|Any CPU
		{D9C077CE-4430-484D-A211-0F52C559D529}.Release|Any CPU.ActiveCfg = Release|Any CPU
		{D9C077CE-4430-484D-A211-0F52C559D529}.Release|Any CPU.Build.0 = Release|Any CPU
		{C0B9D0EB-866E-4470-B673-CE98FF858D16}.Debug|Any CPU.ActiveCfg = Debug|Any CPU
		{C0B9D0EB-866E-4470-B673-CE98FF858D16}.Debug|Any CPU.Build.0 = Debug|Any CPU
		{C0B9D0EB-866E-4470-B673-CE98FF858D16}.Release|Any CPU.ActiveCfg = Release|Any CPU
		{C0B9D0EB-866E-4470-B673-CE98FF858D16}.Release|Any CPU.Build.0 = Release|Any CPU
	EndGlobalSection
	GlobalSection(SolutionProperties) = preSolution
		HideSolutionNode = FALSE
	EndGlobalSection
	GlobalSection(ExtensibilityGlobals) = postSolution
		SolutionGuid = {255C4704-539C-4A6D-A902-37E615DF1464}
	EndGlobalSection
EndGlobal
